
Microsoft Visual Studio Solution File, Format Version 12.00
# Visual Studio Version 17
VisualStudioVersion = 17.1.32328.378
MinimumVisualStudioVersion = 10.0.40219.1
Project("{FAE04EC0-301F-11D3-BF4B-00C04F79EFBC}") = "CSharp.LabExercise5", "CSharp.LabExercise5\CSharp.LabExercise5.csproj", "{C01CBC20-743D-4B3A-BA1A-F801DD449CAA}"
EndProject
Project("{FAE04EC0-301F-11D3-BF4B-00C04F79EFBC}") = "CSharp.LabExercise5.Number2", "CSharp.LabExercise5.Number2\CSharp.LabExercise5.Number2.csproj", "{74440BB9-F48A-4803-9847-CC2C3B202567}"
EndProject
Project("{FAE04EC0-301F-11D3-BF4B-00C04F79EFBC}") = "CSharp.LabExercise5.Number3", "CSharp.LabExercise5.Number3\CSharp.LabExercise5.Number3.csproj", "{E244D47B-9572-4AF3-B451-619D2CFD47A3}"
EndProject
Project("{FAE04EC0-301F-11D3-BF4B-00C04F79EFBC}") = "CSharp.LabExercise5.Number4", "CSharp.LabExercise5.Number4\CSharp.LabExercise5.Number4.csproj", "{82255C1B-5DF4-4252-AEBB-8C431416FC0A}"
EndProject
Project("{FAE04EC0-301F-11D3-BF4B-00C04F79EFBC}") = "CSharp.LabExercise5.Number5", "CSharp.LabExercise5.Number5\CSharp.LabExercise5.Number5.csproj", "{A24A81CC-B038-4A9B-8045-53311F40D9CE}"
EndProject
Global
	GlobalSection(SolutionConfigurationPlatforms) = preSolution
		Debug|Any CPU = Debug|Any CPU
		Release|Any CPU = Release|Any CPU
	EndGlobalSection
	GlobalSection(ProjectConfigurationPlatforms) = postSolution
		{C01CBC20-743D-4B3A-BA1A-F801DD449CAA}.Debug|Any CPU.ActiveCfg = Debug|Any CPU
		{C01CBC20-743D-4B3A-BA1A-F801DD449CAA}.Debug|Any CPU.Build.0 = Debug|Any CPU
		{C01CBC20-743D-4B3A-BA1A-F801DD449CAA}.Release|Any CPU.ActiveCfg = Release|Any CPU
		{C01CBC20-743D-4B3A-BA1A-F801DD449CAA}.Release|Any CPU.Build.0 = Release|Any CPU
		{74440BB9-F48A-4803-9847-CC2C3B202567}.Debug|Any CPU.ActiveCfg = Debug|Any CPU
		{74440BB9-F48A-4803-9847-CC2C3B202567}.Debug|Any CPU.Build.0 = Debug|Any CPU
		{74440BB9-F48A-4803-9847-CC2C3B202567}.Release|Any CPU.ActiveCfg = Release|Any CPU
		{74440BB9-F48A-4803-9847-CC2C3B202567}.Release|Any CPU.Build.0 = Release|Any CPU
		{E244D47B-9572-4AF3-B451-619D2CFD47A3}.Debug|Any CPU.ActiveCfg = Debug|Any CPU
		{E244D47B-9572-4AF3-B451-619D2CFD47A3}.Debug|Any CPU.Build.0 = Debug|Any CPU
		{E244D47B-9572-4AF3-B451-619D2CFD47A3}.Release|Any CPU.ActiveCfg = Release|Any CPU
		{E244D47B-9572-4AF3-B451-619D2CFD47A3}.Release|Any CPU.Build.0 = Release|Any CPU
		{82255C1B-5DF4-4252-AEBB-8C431416FC0A}.Debug|Any CPU.ActiveCfg = Debug|Any CPU
		{82255C1B-5DF4-4252-AEBB-8C431416FC0A}.Debug|Any CPU.Build.0 = Debug|Any CPU
		{82255C1B-5DF4-4252-AEBB-8C431416FC0A}.Release|Any CPU.ActiveCfg = Release|Any CPU
		{82255C1B-5DF4-4252-AEBB-8C431416FC0A}.Release|Any CPU.Build.0 = Release|Any CPU
		{A24A81CC-B038-4A9B-8045-53311F40D9CE}.Debug|Any CPU.ActiveCfg = Debug|Any CPU
		{A24A81CC-B038-4A9B-8045-53311F40D9CE}.Debug|Any CPU.Build.0 = Debug|Any CPU
		{A24A81CC-B038-4A9B-8045-53311F40D9CE}.Release|Any CPU.ActiveCfg = Release|Any CPU
		{A24A81CC-B038-4A9B-8045-53311F40D9CE}.Release|Any CPU.Build.0 = Release|Any CPU
	EndGlobalSection
	GlobalSection(SolutionProperties) = preSolution
		HideSolutionNode = FALSE
	EndGlobalSection
	GlobalSection(ExtensibilityGlobals) = postSolution
		SolutionGuid = {DE5E6FA1-2288-4F45-9AB5-5E2C7D3D1E3D}
	EndGlobalSection
EndGlobal
